# This file was autogenerated by Stack.
# You should not edit this file by hand.
# For more information, please see the documentation at:
#   https://docs.haskellstack.org/en/stable/lock_files

packages:
- completed:
    name: typiara
    version: 0.1.0.0
    git: https://github.com/rwakulszowa/typiara.git
    pantry-tree:
      size: 1945
      sha256: a419bfcf4654c01ff88d5e74dc49f57a0e068f40cb591b2a8b5c7f336de6aa83
    commit: 5bbcc631a57639793eb082ebc5c86dd72495ab29
  original:
    git: https://github.com/rwakulszowa/typiara.git
    commit: 5bbcc631a57639793eb082ebc5c86dd72495ab29
snapshots:
- completed:
    size: 498167
    url: https://raw.githubusercontent.com/commercialhaskell/stackage-snapshots/master/lts/13/20.yaml
    sha256: cda928d57b257a5f17bcad796843c9daa674fef47d600dbea3aa7b0e49d64a11
  original: lts-13.20
