# This file was autogenerated by Stack.
# You should not edit this file by hand.
# For more information, please see the documentation at:
#   https://docs.haskellstack.org/en/stable/lock_files

packages:
- completed:
    name: typiara
    version: 0.1.0.0
    git: https://github.com/rwakulszowa/typiara.git
    pantry-tree:
      size: 1945
      sha256: 590d713117c397e7ddd72bcaf6897afacfa5a2ee6c9444b8dec16ea1a1c090e8
    commit: 6d39fadd60eb0d018c251efdc799c503b56d330b
  original:
    git: https://github.com/rwakulszowa/typiara.git
    commit: 6d39fadd60eb0d018c251efdc799c503b56d330b
snapshots:
- completed:
    size: 531718
    url: https://raw.githubusercontent.com/commercialhaskell/stackage-snapshots/master/lts/16/6.yaml
    sha256: 230a7266fc11f76222bd3bb68e9503ed11d553060a752f164bff6753ed03e271
  original: lts-16.6
