# This file was autogenerated by Stack.
# You should not edit this file by hand.
# For more information, please see the documentation at:
#   https://docs.haskellstack.org/en/stable/lock_files

packages:
- completed:
    name: typiara
    version: 0.1.0.0
    git: https://github.com/rwakulszowa/typiara.git
    pantry-tree:
      size: 1945
      sha256: e5b10ad169f7156b12977dcf3e2c189d2902c60d1314120e11eef00b0f86a8d4
    commit: b89245dab76c6fcb348cb6ffb423fe49a1673e23
  original:
    git: https://github.com/rwakulszowa/typiara.git
    commit: b89245dab76c6fcb348cb6ffb423fe49a1673e23
snapshots:
- completed:
    size: 498167
    url: https://raw.githubusercontent.com/commercialhaskell/stackage-snapshots/master/lts/13/20.yaml
    sha256: cda928d57b257a5f17bcad796843c9daa674fef47d600dbea3aa7b0e49d64a11
  original: lts-13.20
